
Microsoft Visual Studio Solution File, Format Version 12.00
# Visual Studio Version 17
VisualStudioVersion = 17.13.35913.81 d17.13
MinimumVisualStudioVersion = 10.0.40219.1
Project("{FAE04EC0-301F-11D3-BF4B-00C04F79EFBC}") = "DEMKA_GERBER_1", "DEMKA_GERBER_1\DEMKA_GERBER_1.csproj", "{E730E521-3C8E-431B-A9C5-D00ACF17683E}"
EndProject
Global
	GlobalSection(SolutionConfigurationPlatforms) = preSolution
		Debug|Any CPU = Debug|Any CPU
		Release|Any CPU = Release|Any CPU
	EndGlobalSection
	GlobalSection(ProjectConfigurationPlatforms) = postSolution
		{E730E521-3C8E-431B-A9C5-D00ACF17683E}.Debug|Any CPU.ActiveCfg = Debug|Any CPU
		{E730E521-3C8E-431B-A9C5-D00ACF17683E}.Debug|Any CPU.Build.0 = Debug|Any CPU
		{E730E521-3C8E-431B-A9C5-D00ACF17683E}.Release|Any CPU.ActiveCfg = Release|Any CPU
		{E730E521-3C8E-431B-A9C5-D00ACF17683E}.Release|Any CPU.Build.0 = Release|Any CPU
	EndGlobalSection
	GlobalSection(SolutionProperties) = preSolution
		HideSolutionNode = FALSE
	EndGlobalSection
	GlobalSection(ExtensibilityGlobals) = postSolution
		SolutionGuid = {03DC2FAF-45C0-43A8-85E5-1EE511C9BFDF}
	EndGlobalSection
EndGlobal
